PODS:
  - SnapKit (5.6.0)
  - SSZipArchive (2.5.4)
  - ZXFileBrowser (2.0.1):
    - ZXFileBrowser/core (= 2.0.1)
  - ZXFileBrowser/core (2.0.1):
    - SnapKit
    - ZXKitUtil (~> 4.0.0)
  - ZXKitCore (2.0.3):
    - ZXKitCore/core (= 2.0.3)
  - ZXKitCore/core (2.0.3):
    - SSZipArchive
    - ZXKitLogger (~> 4.0)
    - ZXKitUtil (~> 4.0)
  - ZXKitLogger (4.0.5):
    - ZXKitLogger/core (= 4.0.5)
  - ZXKitLogger/core (4.0.5):
    - ZXKitUtil (~> 4.0.0)
  - ZXKitUtil (4.0.0):
    - ZXKitUtil/core (= 4.0.0)
  - ZXKitUtil/core (4.0.0)

DEPENDENCIES:
  - ZXFileBrowser (~> 2.0.0)
  - ZXKitCore (~> 2.0.0)

SPEC REPOS:
  trunk:
    - SnapKit
    - SSZipArchive
    - ZXFileBrowser
    - ZXKitCore
    - ZXKitLogger
    - ZXKitUtil

SPEC CHECKSUMS:
  SnapKit: e01d52ebb8ddbc333eefe2132acf85c8227d9c25
  SSZipArchive: 285b618a158ebc421039c22db5b77d345c7c03db
  ZXFileBrowser: 5afc56eb1a56615834a7b1df420bfb94e9b03d95
  ZXKitCore: 78b3feec0cac10f1518e701e9c96fddf262e366a
  ZXKitLogger: 22f226509df679728bc8da7a7983d672cc9ccbae
  ZXKitUtil: 0d23a979cdc7a7f9df0722148a613986ef007288

PODFILE CHECKSUM: b8f3de5f32c8156aa49fb243c49c5086be8fd569

COCOAPODS: 1.11.2
