// !$*UTF8*$!
{
	archiveVersion = 1;
	classes = {
	};
	objectVersion = 56;
	objects = {

/* Begin PBXBuildFile section */
		D82FBDD3FF2C1B8C3A95951B /* Pods_DDKitSwift_FileBrowser.framework in Frameworks */ = {isa = PBXBuildFile; fileRef = 5830FE09E051E73AA267B2A8 /* Pods_DDKitSwift_FileBrowser.framework */; };
		E4AF3D4229E959760015675E /* AppDelegate.swift in Sources */ = {isa = PBXBuildFile; fileRef = E4AF3D4129E959760015675E /* AppDelegate.swift */; };
		E4AF3D4429E959760015675E /* SceneDelegate.swift in Sources */ = {isa = PBXBuildFile; fileRef = E4AF3D4329E959760015675E /* SceneDelegate.swift */; };
		E4AF3D4629E959760015675E /* ViewController.swift in Sources */ = {isa = PBXBuildFile; fileRef = E4AF3D4529E959760015675E /* ViewController.swift */; };
		E4AF3D4929E959760015675E /* Main.storyboard in Resources */ = {isa = PBXBuildFile; fileRef = E4AF3D4729E959760015675E /* Main.storyboard */; };
		E4AF3D4B29E959780015675E /* Assets.xcassets in Resources */ = {isa = PBXBuildFile; fileRef = E4AF3D4A29E959780015675E /* Assets.xcassets */; };
		E4AF3D4E29E959780015675E /* LaunchScreen.storyboard in Resources */ = {isa = PBXBuildFile; fileRef = E4AF3D4C29E959780015675E /* LaunchScreen.storyboard */; };
		E4E1EAB629E9606F00300FD4 /* DDKitSwift_FileBrowser.swift in Sources */ = {isa = PBXBuildFile; fileRef = E4E1EAB529E9606F00300FD4 /* DDKitSwift_FileBrowser.swift */; };
		E4E1EAB929E9642800300FD4 /* zxfilebrowser.png in Resources */ = {isa = PBXBuildFile; fileRef = E4E1EAB829E9642800300FD4 /* zxfilebrowser.png */; };
/* End PBXBuildFile section */

/* Begin PBXFileReference section */
		2F9E5F2F4748BE40CBB44C33 /* Pods-fileBrowser-zxkit.release.xcconfig */ = {isa = PBXFileReference; includeInIndex = 1; lastKnownFileType = text.xcconfig; name = "Pods-fileBrowser-zxkit.release.xcconfig"; path = "Target Support Files/Pods-fileBrowser-zxkit/Pods-fileBrowser-zxkit.release.xcconfig"; sourceTree = "<group>"; };
		5830FE09E051E73AA267B2A8 /* Pods_DDKitSwift_FileBrowser.framework */ = {isa = PBXFileReference; explicitFileType = wrapper.framework; includeInIndex = 0; path = Pods_DDKitSwift_FileBrowser.framework; sourceTree = BUILT_PRODUCTS_DIR; };
		70F9AE04237CA5369B6FE292 /* Pods-DDKitSwift_FileBrowser.debug.xcconfig */ = {isa = PBXFileReference; includeInIndex = 1; lastKnownFileType = text.xcconfig; name = "Pods-DDKitSwift_FileBrowser.debug.xcconfig"; path = "Target Support Files/Pods-DDKitSwift_FileBrowser/Pods-DDKitSwift_FileBrowser.debug.xcconfig"; sourceTree = "<group>"; };
		C0ED5375FAE02BE50C5E6F96 /* Pods-fileBrowser-zxkit.debug.xcconfig */ = {isa = PBXFileReference; includeInIndex = 1; lastKnownFileType = text.xcconfig; name = "Pods-fileBrowser-zxkit.debug.xcconfig"; path = "Target Support Files/Pods-fileBrowser-zxkit/Pods-fileBrowser-zxkit.debug.xcconfig"; sourceTree = "<group>"; };
		CD7D43291CE340F4B60190B8 /* Pods-DDKitSwift_FileBrowser.release.xcconfig */ = {isa = PBXFileReference; includeInIndex = 1; lastKnownFileType = text.xcconfig; name = "Pods-DDKitSwift_FileBrowser.release.xcconfig"; path = "Target Support Files/Pods-DDKitSwift_FileBrowser/Pods-DDKitSwift_FileBrowser.release.xcconfig"; sourceTree = "<group>"; };
		E4AF3D3E29E959760015675E /* DDKitSwift_FileBrowser.app */ = {isa = PBXFileReference; explicitFileType = wrapper.application; includeInIndex = 0; path = DDKitSwift_FileBrowser.app; sourceTree = BUILT_PRODUCTS_DIR; };
		E4AF3D4129E959760015675E /* AppDelegate.swift */ = {isa = PBXFileReference; lastKnownFileType = sourcecode.swift; path = AppDelegate.swift; sourceTree = "<group>"; };
		E4AF3D4329E959760015675E /* SceneDelegate.swift */ = {isa = PBXFileReference; lastKnownFileType = sourcecode.swift; path = SceneDelegate.swift; sourceTree = "<group>"; };
		E4AF3D4529E959760015675E /* ViewController.swift */ = {isa = PBXFileReference; lastKnownFileType = sourcecode.swift; path = ViewController.swift; sourceTree = "<group>"; };
		E4AF3D4829E959760015675E /* Base */ = {isa = PBXFileReference; lastKnownFileType = file.storyboard; name = Base; path = Base.lproj/Main.storyboard; sourceTree = "<group>"; };
		E4AF3D4A29E959780015675E /* Assets.xcassets */ = {isa = PBXFileReference; lastKnownFileType = folder.assetcatalog; path = Assets.xcassets; sourceTree = "<group>"; };
		E4AF3D4D29E959780015675E /* Base */ = {isa = PBXFileReference; lastKnownFileType = file.storyboard; name = Base; path = Base.lproj/LaunchScreen.storyboard; sourceTree = "<group>"; };
		E4AF3D4F29E959780015675E /* Info.plist */ = {isa = PBXFileReference; lastKnownFileType = text.plist.xml; path = Info.plist; sourceTree = "<group>"; };
		E4E1EAB529E9606F00300FD4 /* DDKitSwift_FileBrowser.swift */ = {isa = PBXFileReference; fileEncoding = 4; lastKnownFileType = sourcecode.swift; path = DDKitSwift_FileBrowser.swift; sourceTree = "<group>"; };
		E4E1EAB829E9642800300FD4 /* zxfilebrowser.png */ = {isa = PBXFileReference; lastKnownFileType = image.png; path = zxfilebrowser.png; sourceTree = "<group>"; };
/* End PBXFileReference section */

/* Begin PBXFrameworksBuildPhase section */
		E4AF3D3B29E959760015675E /* Frameworks */ = {
			isa = PBXFrameworksBuildPhase;
			buildActionMask = 2147483647;
			files = (
				D82FBDD3FF2C1B8C3A95951B /* Pods_DDKitSwift_FileBrowser.framework in Frameworks */,
			);
			runOnlyForDeploymentPostprocessing = 0;
		};
/* End PBXFrameworksBuildPhase section */

/* Begin PBXGroup section */
		3621D107E3D5189CF30A2AE5 /* Pods */ = {
			isa = PBXGroup;
			children = (
				C0ED5375FAE02BE50C5E6F96 /* Pods-fileBrowser-zxkit.debug.xcconfig */,
				2F9E5F2F4748BE40CBB44C33 /* Pods-fileBrowser-zxkit.release.xcconfig */,
				70F9AE04237CA5369B6FE292 /* Pods-DDKitSwift_FileBrowser.debug.xcconfig */,
				CD7D43291CE340F4B60190B8 /* Pods-DDKitSwift_FileBrowser.release.xcconfig */,
			);
			path = Pods;
			sourceTree = "<group>";
		};
		99FD3D50802337DBAFA851F1 /* Frameworks */ = {
			isa = PBXGroup;
			children = (
				5830FE09E051E73AA267B2A8 /* Pods_DDKitSwift_FileBrowser.framework */,
			);
			name = Frameworks;
			sourceTree = "<group>";
		};
		E4AF3D3529E959760015675E = {
			isa = PBXGroup;
			children = (
				E4AF3D4029E959760015675E /* DDKitSwift_FileBrowser */,
				E4AF3D3F29E959760015675E /* Products */,
				3621D107E3D5189CF30A2AE5 /* Pods */,
				99FD3D50802337DBAFA851F1 /* Frameworks */,
			);
			sourceTree = "<group>";
		};
		E4AF3D3F29E959760015675E /* Products */ = {
			isa = PBXGroup;
			children = (
				E4AF3D3E29E959760015675E /* DDKitSwift_FileBrowser.app */,
			);
			name = Products;
			sourceTree = "<group>";
		};
		E4AF3D4029E959760015675E /* DDKitSwift_FileBrowser */ = {
			isa = PBXGroup;
			children = (
				E4E1EAB329E9606F00300FD4 /* pod */,
				E4AF3D4129E959760015675E /* AppDelegate.swift */,
				E4AF3D4329E959760015675E /* SceneDelegate.swift */,
				E4AF3D4529E959760015675E /* ViewController.swift */,
				E4AF3D4729E959760015675E /* Main.storyboard */,
				E4AF3D4A29E959780015675E /* Assets.xcassets */,
				E4AF3D4C29E959780015675E /* LaunchScreen.storyboard */,
				E4AF3D4F29E959780015675E /* Info.plist */,
			);
			path = DDKitSwift_FileBrowser;
			sourceTree = "<group>";
		};
		E4E1EAB329E9606F00300FD4 /* pod */ = {
			isa = PBXGroup;
			children = (
				E4E1EAB529E9606F00300FD4 /* DDKitSwift_FileBrowser.swift */,
				E4E1EAB729E9642800300FD4 /* assets */,
			);
			name = pod;
			path = ../../pod;
			sourceTree = "<group>";
		};
		E4E1EAB729E9642800300FD4 /* assets */ = {
			isa = PBXGroup;
			children = (
				E4E1EAB829E9642800300FD4 /* zxfilebrowser.png */,
			);
			path = assets;
			sourceTree = "<group>";
		};
/* End PBXGroup section */

/* Begin PBXNativeTarget section */
		E4AF3D3D29E959760015675E /* DDKitSwift_FileBrowser */ = {
			isa = PBXNativeTarget;
			buildConfigurationList = E4AF3D5229E959780015675E /* Build configuration list for PBXNativeTarget "DDKitSwift_FileBrowser" */;
			buildPhases = (
				3FA10CEBBB595F966E0FC8A3 /* [CP] Check Pods Manifest.lock */,
				E4AF3D3A29E959760015675E /* Sources */,
				E4AF3D3B29E959760015675E /* Frameworks */,
				E4AF3D3C29E959760015675E /* Resources */,
				C7E4BC3734E06D78E5A63B87 /* [CP] Embed Pods Frameworks */,
			);
			buildRules = (
			);
			dependencies = (
			);
			name = DDKitSwift_FileBrowser;
			productName = "fileBrowser-zxkit";
			productReference = E4AF3D3E29E959760015675E /* DDKitSwift_FileBrowser.app */;
			productType = "com.apple.product-type.application";
		};
/* End PBXNativeTarget section */

/* Begin PBXProject section */
		E4AF3D3629E959760015675E /* Project object */ = {
			isa = PBXProject;
			attributes = {
				BuildIndependentTargetsInParallel = 1;
				LastSwiftUpdateCheck = 1430;
				LastUpgradeCheck = 1430;
				TargetAttributes = {
					E4AF3D3D29E959760015675E = {
						CreatedOnToolsVersion = 14.3;
					};
				};
			};
			buildConfigurationList = E4AF3D3929E959760015675E /* Build configuration list for PBXProject "DDKitSwift_FileBrowser" */;
			compatibilityVersion = "Xcode 14.0";
			developmentRegion = en;
			hasScannedForEncodings = 0;
			knownRegions = (
				en,
				Base,
			);
			mainGroup = E4AF3D3529E959760015675E;
			productRefGroup = E4AF3D3F29E959760015675E /* Products */;
			projectDirPath = "";
			projectRoot = "";
			targets = (
				E4AF3D3D29E959760015675E /* DDKitSwift_FileBrowser */,
			);
		};
/* End PBXProject section */

/* Begin PBXResourcesBuildPhase section */
		E4AF3D3C29E959760015675E /* Resources */ = {
			isa = PBXResourcesBuildPhase;
			buildActionMask = 2147483647;
			files = (
				E4AF3D4E29E959780015675E /* LaunchScreen.storyboard in Resources */,
				E4AF3D4B29E959780015675E /* Assets.xcassets in Resources */,
				E4E1EAB929E9642800300FD4 /* zxfilebrowser.png in Resources */,
				E4AF3D4929E959760015675E /* Main.storyboard in Resources */,
			);
			runOnlyForDeploymentPostprocessing = 0;
		};
/* End PBXResourcesBuildPhase section */

/* Begin PBXShellScriptBuildPhase section */
		3FA10CEBBB595F966E0FC8A3 /* [CP] Check Pods Manifest.lock */ = {
			isa = PBXShellScriptBuildPhase;
			buildActionMask = 2147483647;
			files = (
			);
			inputFileListPaths = (
			);
			inputPaths = (
				"${PODS_PODFILE_DIR_PATH}/Podfile.lock",
				"${PODS_ROOT}/Manifest.lock",
			);
			name = "[CP] Check Pods Manifest.lock";
			outputFileListPaths = (
			);
			outputPaths = (
				"$(DERIVED_FILE_DIR)/Pods-DDKitSwift_FileBrowser-checkManifestLockResult.txt",
			);
			runOnlyForDeploymentPostprocessing = 0;
			shellPath = /bin/sh;
			shellScript = "diff \"${PODS_PODFILE_DIR_PATH}/Podfile.lock\" \"${PODS_ROOT}/Manifest.lock\" > /dev/null\nif [ $? != 0 ] ; then\n    # print error to STDERR\n    echo \"error: The sandbox is not in sync with the Podfile.lock. Run 'pod install' or update your CocoaPods installation.\" >&2\n    exit 1\nfi\n# This output is used by Xcode 'outputs' to avoid re-running this script phase.\necho \"SUCCESS\" > \"${SCRIPT_OUTPUT_FILE_0}\"\n";
			showEnvVarsInLog = 0;
		};
		C7E4BC3734E06D78E5A63B87 /* [CP] Embed Pods Frameworks */ = {
			isa = PBXShellScriptBuildPhase;
			buildActionMask = 2147483647;
			files = (
			);
			inputFileListPaths = (
				"${PODS_ROOT}/Target Support Files/Pods-DDKitSwift_FileBrowser/Pods-DDKitSwift_FileBrowser-frameworks-${CONFIGURATION}-input-files.xcfilelist",
			);
			name = "[CP] Embed Pods Frameworks";
			outputFileListPaths = (
				"${PODS_ROOT}/Target Support Files/Pods-DDKitSwift_FileBrowser/Pods-DDKitSwift_FileBrowser-frameworks-${CONFIGURATION}-output-files.xcfilelist",
			);
			runOnlyForDeploymentPostprocessing = 0;
			shellPath = /bin/sh;
			shellScript = "\"${PODS_ROOT}/Target Support Files/Pods-DDKitSwift_FileBrowser/Pods-DDKitSwift_FileBrowser-frameworks.sh\"\n";
			showEnvVarsInLog = 0;
		};
/* End PBXShellScriptBuildPhase section */

/* Begin PBXSourcesBuildPhase section */
		E4AF3D3A29E959760015675E /* Sources */ = {
			isa = PBXSourcesBuildPhase;
			buildActionMask = 2147483647;
			files = (
				E4AF3D4629E959760015675E /* ViewController.swift in Sources */,
				E4AF3D4229E959760015675E /* AppDelegate.swift in Sources */,
				E4AF3D4429E959760015675E /* SceneDelegate.swift in Sources */,
				E4E1EAB629E9606F00300FD4 /* DDKitSwift_FileBrowser.swift in Sources */,
			);
			runOnlyForDeploymentPostprocessing = 0;
		};
/* End PBXSourcesBuildPhase section */

/* Begin PBXVariantGroup section */
		E4AF3D4729E959760015675E /* Main.storyboard */ = {
			isa = PBXVariantGroup;
			children = (
				E4AF3D4829E959760015675E /* Base */,
			);
			name = Main.storyboard;
			sourceTree = "<group>";
		};
		E4AF3D4C29E959780015675E /* LaunchScreen.storyboard */ = {
			isa = PBXVariantGroup;
			children = (
				E4AF3D4D29E959780015675E /* Base */,
			);
			name = LaunchScreen.storyboard;
			sourceTree = "<group>";
		};
/* End PBXVariantGroup section */

/* Begin XCBuildConfiguration section */
		E4AF3D5029E959780015675E /* Debug */ = {
			isa = XCBuildConfiguration;
			buildSettings = {
				ALWAYS_SEARCH_USER_PATHS = NO;
				CLANG_ANALYZER_NONNULL = YES;
				CLANG_ANALYZER_NUMBER_OBJECT_CONVERSION = YES_AGGRESSIVE;
				CLANG_CXX_LANGUAGE_STANDARD = "gnu++20";
				CLANG_ENABLE_MODULES = YES;
				CLANG_ENABLE_OBJC_ARC = YES;
				CLANG_ENABLE_OBJC_WEAK = YES;
				CLANG_WARN_BLOCK_CAPTURE_AUTORELEASING = YES;
				CLANG_WARN_BOOL_CONVERSION = YES;
				CLANG_WARN_COMMA = YES;
				CLANG_WARN_CONSTANT_CONVERSION = YES;
				CLANG_WARN_DEPRECATED_OBJC_IMPLEMENTATIONS = YES;
				CLANG_WARN_DIRECT_OBJC_ISA_USAGE = YES_ERROR;
				CLANG_WARN_DOCUMENTATION_COMMENTS = YES;
				CLANG_WARN_EMPTY_BODY = YES;
				CLANG_WARN_ENUM_CONVERSION = YES;
				CLANG_WARN_INFINITE_RECURSION = YES;
				CLANG_WARN_INT_CONVERSION = YES;
				CLANG_WARN_NON_LITERAL_NULL_CONVERSION = YES;
				CLANG_WARN_OBJC_IMPLICIT_RETAIN_SELF = YES;
				CLANG_WARN_OBJC_LITERAL_CONVERSION = YES;
				CLANG_WARN_OBJC_ROOT_CLASS = YES_ERROR;
				CLANG_WARN_QUOTED_INCLUDE_IN_FRAMEWORK_HEADER = YES;
				CLANG_WARN_RANGE_LOOP_ANALYSIS = YES;
				CLANG_WARN_STRICT_PROTOTYPES = YES;
				CLANG_WARN_SUSPICIOUS_MOVE = YES;
				CLANG_WARN_UNGUARDED_AVAILABILITY = YES_AGGRESSIVE;
				CLANG_WARN_UNREACHABLE_CODE = YES;
				CLANG_WARN__DUPLICATE_METHOD_MATCH = YES;
				COPY_PHASE_STRIP = NO;
				DEBUG_INFORMATION_FORMAT = dwarf;
				ENABLE_STRICT_OBJC_MSGSEND = YES;
				ENABLE_TESTABILITY = YES;
				GCC_C_LANGUAGE_STANDARD = gnu11;
				GCC_DYNAMIC_NO_PIC = NO;
				GCC_NO_COMMON_BLOCKS = YES;
				GCC_OPTIMIZATION_LEVEL = 0;
				GCC_PREPROCESSOR_DEFINITIONS = (
					"DEBUG=1",
					"$(inherited)",
				);
				GCC_WARN_64_TO_32_BIT_CONVERSION = YES;
				GCC_WARN_ABOUT_RETURN_TYPE = YES_ERROR;
				GCC_WARN_UNDECLARED_SELECTOR = YES;
				GCC_WARN_UNINITIALIZED_AUTOS = YES_AGGRESSIVE;
				GCC_WARN_UNUSED_FUNCTION = YES;
				GCC_WARN_UNUSED_VARIABLE = YES;
				IPHONEOS_DEPLOYMENT_TARGET = 16.4;
				MTL_ENABLE_DEBUG_INFO = INCLUDE_SOURCE;
				MTL_FAST_MATH = YES;
				ONLY_ACTIVE_ARCH = YES;
				SDKROOT = iphoneos;
				SWIFT_ACTIVE_COMPILATION_CONDITIONS = DEBUG;
				SWIFT_OPTIMIZATION_LEVEL = "-Onone";
			};
			name = Debug;
		};
		E4AF3D5129E959780015675E /* Release */ = {
			isa = XCBuildConfiguration;
			buildSettings = {
				ALWAYS_SEARCH_USER_PATHS = NO;
				CLANG_ANALYZER_NONNULL = YES;
				CLANG_ANALYZER_NUMBER_OBJECT_CONVERSION = YES_AGGRESSIVE;
				CLANG_CXX_LANGUAGE_STANDARD = "gnu++20";
				CLANG_ENABLE_MODULES = YES;
				CLANG_ENABLE_OBJC_ARC = YES;
				CLANG_ENABLE_OBJC_WEAK = YES;
				CLANG_WARN_BLOCK_CAPTURE_AUTORELEASING = YES;
				CLANG_WARN_BOOL_CONVERSION = YES;
				CLANG_WARN_COMMA = YES;
				CLANG_WARN_CONSTANT_CONVERSION = YES;
				CLANG_WARN_DEPRECATED_OBJC_IMPLEMENTATIONS = YES;
				CLANG_WARN_DIRECT_OBJC_ISA_USAGE = YES_ERROR;
				CLANG_WARN_DOCUMENTATION_COMMENTS = YES;
				CLANG_WARN_EMPTY_BODY = YES;
				CLANG_WARN_ENUM_CONVERSION = YES;
				CLANG_WARN_INFINITE_RECURSION = YES;
				CLANG_WARN_INT_CONVERSION = YES;
				CLANG_WARN_NON_LITERAL_NULL_CONVERSION = YES;
				CLANG_WARN_OBJC_IMPLICIT_RETAIN_SELF = YES;
				CLANG_WARN_OBJC_LITERAL_CONVERSION = YES;
				CLANG_WARN_OBJC_ROOT_CLASS = YES_ERROR;
				CLANG_WARN_QUOTED_INCLUDE_IN_FRAMEWORK_HEADER = YES;
				CLANG_WARN_RANGE_LOOP_ANALYSIS = YES;
				CLANG_WARN_STRICT_PROTOTYPES = YES;
				CLANG_WARN_SUSPICIOUS_MOVE = YES;
				CLANG_WARN_UNGUARDED_AVAILABILITY = YES_AGGRESSIVE;
				CLANG_WARN_UNREACHABLE_CODE = YES;
				CLANG_WARN__DUPLICATE_METHOD_MATCH = YES;
				COPY_PHASE_STRIP = NO;
				DEBUG_INFORMATION_FORMAT = "dwarf-with-dsym";
				ENABLE_NS_ASSERTIONS = NO;
				ENABLE_STRICT_OBJC_MSGSEND = YES;
				GCC_C_LANGUAGE_STANDARD = gnu11;
				GCC_NO_COMMON_BLOCKS = YES;
				GCC_WARN_64_TO_32_BIT_CONVERSION = YES;
				GCC_WARN_ABOUT_RETURN_TYPE = YES_ERROR;
				GCC_WARN_UNDECLARED_SELECTOR = YES;
				GCC_WARN_UNINITIALIZED_AUTOS = YES_AGGRESSIVE;
				GCC_WARN_UNUSED_FUNCTION = YES;
				GCC_WARN_UNUSED_VARIABLE = YES;
				IPHONEOS_DEPLOYMENT_TARGET = 16.4;
				MTL_ENABLE_DEBUG_INFO = NO;
				MTL_FAST_MATH = YES;
				SDKROOT = iphoneos;
				SWIFT_COMPILATION_MODE = wholemodule;
				SWIFT_OPTIMIZATION_LEVEL = "-O";
				VALIDATE_PRODUCT = YES;
			};
			name = Release;
		};
		E4AF3D5329E959780015675E /* Debug */ = {
			isa = XCBuildConfiguration;
			baseConfigurationReference = 70F9AE04237CA5369B6FE292 /* Pods-DDKitSwift_FileBrowser.debug.xcconfig */;
			buildSettings = {
				ASSETCATALOG_COMPILER_APPICON_NAME = AppIcon;
				ASSETCATALOG_COMPILER_GLOBAL_ACCENT_COLOR_NAME = AccentColor;
				CODE_SIGN_STYLE = Automatic;
				CURRENT_PROJECT_VERSION = 1;
				GENERATE_INFOPLIST_FILE = YES;
				INFOPLIST_FILE = DDKitSwift_FileBrowser/Info.plist;
				INFOPLIST_KEY_UIApplicationSupportsIndirectInputEvents = YES;
				INFOPLIST_KEY_UILaunchStoryboardName = LaunchScreen;
				INFOPLIST_KEY_UIMainStoryboardFile = Main;
				INFOPLIST_KEY_UISupportedInterfaceOrientations_iPad = "UIInterfaceOrientationPortrait UIInterfaceOrientationPortraitUpsideDown UIInterfaceOrientationLandscapeLeft UIInterfaceOrientationLandscapeRight";
				INFOPLIST_KEY_UISupportedInterfaceOrientations_iPhone = "UIInterfaceOrientationPortrait UIInterfaceOrientationLandscapeLeft UIInterfaceOrientationLandscapeRight";
				IPHONEOS_DEPLOYMENT_TARGET = 14.0;
				LD_RUNPATH_SEARCH_PATHS = (
					"$(inherited)",
					"@executable_path/Frameworks",
				);
				MARKETING_VERSION = 1.0;
				PRODUCT_BUNDLE_IDENTIFIER = "ZXKitCore.fileBrowser-zxkit";
				PRODUCT_NAME = "$(TARGET_NAME)";
				SWIFT_EMIT_LOC_STRINGS = YES;
				SWIFT_VERSION = 5.0;
				TARGETED_DEVICE_FAMILY = "1,2";
			};
			name = Debug;
		};
		E4AF3D5429E959780015675E /* Release */ = {
			isa = XCBuildConfiguration;
			baseConfigurationReference = CD7D43291CE340F4B60190B8 /* Pods-DDKitSwift_FileBrowser.release.xcconfig */;
			buildSettings = {
				ASSETCATALOG_COMPILER_APPICON_NAME = AppIcon;
				ASSETCATALOG_COMPILER_GLOBAL_ACCENT_COLOR_NAME = AccentColor;
				CODE_SIGN_STYLE = Automatic;
				CURRENT_PROJECT_VERSION = 1;
				GENERATE_INFOPLIST_FILE = YES;
				INFOPLIST_FILE = DDKitSwift_FileBrowser/Info.plist;
				INFOPLIST_KEY_UIApplicationSupportsIndirectInputEvents = YES;
				INFOPLIST_KEY_UILaunchStoryboardName = LaunchScreen;
				INFOPLIST_KEY_UIMainStoryboardFile = Main;
				INFOPLIST_KEY_UISupportedInterfaceOrientations_iPad = "UIInterfaceOrientationPortrait UIInterfaceOrientationPortraitUpsideDown UIInterfaceOrientationLandscapeLeft UIInterfaceOrientationLandscapeRight";
				INFOPLIST_KEY_UISupportedInterfaceOrientations_iPhone = "UIInterfaceOrientationPortrait UIInterfaceOrientationLandscapeLeft UIInterfaceOrientationLandscapeRight";
				IPHONEOS_DEPLOYMENT_TARGET = 14.0;
				LD_RUNPATH_SEARCH_PATHS = (
					"$(inherited)",
					"@executable_path/Frameworks",
				);
				MARKETING_VERSION = 1.0;
				PRODUCT_BUNDLE_IDENTIFIER = "ZXKitCore.fileBrowser-zxkit";
				PRODUCT_NAME = "$(TARGET_NAME)";
				SWIFT_EMIT_LOC_STRINGS = YES;
				SWIFT_VERSION = 5.0;
				TARGETED_DEVICE_FAMILY = "1,2";
			};
			name = Release;
		};
/* End XCBuildConfiguration section */

/* Begin XCConfigurationList section */
		E4AF3D3929E959760015675E /* Build configuration list for PBXProject "DDKitSwift_FileBrowser" */ = {
			isa = XCConfigurationList;
			buildConfigurations = (
				E4AF3D5029E959780015675E /* Debug */,
				E4AF3D5129E959780015675E /* Release */,
			);
			defaultConfigurationIsVisible = 0;
			defaultConfigurationName = Release;
		};
		E4AF3D5229E959780015675E /* Build configuration list for PBXNativeTarget "DDKitSwift_FileBrowser" */ = {
			isa = XCConfigurationList;
			buildConfigurations = (
				E4AF3D5329E959780015675E /* Debug */,
				E4AF3D5429E959780015675E /* Release */,
			);
			defaultConfigurationIsVisible = 0;
			defaultConfigurationName = Release;
		};
/* End XCConfigurationList section */
	};
	rootObject = E4AF3D3629E959760015675E /* Project object */;
}
